
Microsoft Visual Studio Solution File, Format Version 12.00
# Visual Studio Version 17
VisualStudioVersion = 17.9.34728.123
MinimumVisualStudioVersion = 10.0.40219.1
Project("{FAE04EC0-301F-11D3-BF4B-00C04F79EFBC}") = "Console01", "Console01\Console01.csproj", "{2EA33E3C-C78C-45E1-9500-789885002C1B}"
EndProject
Global
	GlobalSection(SolutionConfigurationPlatforms) = preSolution
		Debug|Any CPU = Debug|Any CPU
		Release|Any CPU = Release|Any CPU
	EndGlobalSection
	GlobalSection(ProjectConfigurationPlatforms) = postSolution
		{2EA33E3C-C78C-45E1-9500-789885002C1B}.Debug|Any CPU.ActiveCfg = Debug|Any CPU
		{2EA33E3C-C78C-45E1-9500-789885002C1B}.Debug|Any CPU.Build.0 = Debug|Any CPU
		{2EA33E3C-C78C-45E1-9500-789885002C1B}.Release|Any CPU.ActiveCfg = Release|Any CPU
		{2EA33E3C-C78C-45E1-9500-789885002C1B}.Release|Any CPU.Build.0 = Release|Any CPU
	EndGlobalSection
	GlobalSection(SolutionProperties) = preSolution
		HideSolutionNode = FALSE
	EndGlobalSection
	GlobalSection(ExtensibilityGlobals) = postSolution
		SolutionGuid = {AC5EB3E3-C329-4EA8-A20B-1E1EF1703632}
	EndGlobalSection
EndGlobal
